
Microsoft Visual Studio Solution File, Format Version 12.00
# Visual Studio Version 16
VisualStudioVersion = 16.0.30114.105
MinimumVisualStudioVersion = 10.0.40219.1
Project("{2150E333-8FDC-42A3-9474-1A3956D46DE8}") = "may17", "may17", "{95B32429-CB39-42D9-810A-3B19E1D3D4F2}"
EndProject
Project("{FAE04EC0-301F-11D3-BF4B-00C04F79EFBC}") = "Calculator", "may17\Calculator\Calculator.csproj", "{B4A88B31-8E65-4C4B-AB26-4799C3DEE93D}"
EndProject
Project("{FAE04EC0-301F-11D3-BF4B-00C04F79EFBC}") = "DebtCollector", "may17\DebtCollector\DebtCollector.csproj", "{B81A6B71-EAE9-44E4-AF31-2F5C60CCF7E1}"
EndProject
Project("{FAE04EC0-301F-11D3-BF4B-00C04F79EFBC}") = "Weekdays", "may17\Weekdays\Weekdays.csproj", "{0A10AA53-BC31-4E3A-B051-FCAFB2CBFAC4}"
EndProject
Project("{2150E333-8FDC-42A3-9474-1A3956D46DE8}") = "may18", "may18", "{3DEB8DF6-62F2-4BD7-9092-E22A2801B702}"
EndProject
Project("{FAE04EC0-301F-11D3-BF4B-00C04F79EFBC}") = "EmailValidator", "may18\EmailValidator\EmailValidator.csproj", "{6EC3AC39-B771-488F-B7C1-B4970CF3913C}"
EndProject
Project("{FAE04EC0-301F-11D3-BF4B-00C04F79EFBC}") = "Factorial", "may18\Factorial\Factorial.csproj", "{2874C2DD-6E34-4240-BF03-768933681AC7}"
EndProject
Project("{FAE04EC0-301F-11D3-BF4B-00C04F79EFBC}") = "Player", "may18\Player\Player.csproj", "{EA7E43D5-57B4-4644-A1C4-E40C8A62BB87}"
EndProject
Project("{2150E333-8FDC-42A3-9474-1A3956D46DE8}") = "may19", "may19", "{1BC25A2A-FFAD-4D74-99D2-80B5653FD3C0}"
EndProject
Project("{FAE04EC0-301F-11D3-BF4B-00C04F79EFBC}") = "Player", "may19\Player\Player.csproj", "{461BF2EC-B030-45BC-AED8-A8A9E802AD2B}"
EndProject
Global
	GlobalSection(SolutionConfigurationPlatforms) = preSolution
		Debug|Any CPU = Debug|Any CPU
		Release|Any CPU = Release|Any CPU
	EndGlobalSection
	GlobalSection(SolutionProperties) = preSolution
		HideSolutionNode = FALSE
	EndGlobalSection
	GlobalSection(ProjectConfigurationPlatforms) = postSolution
		{B4A88B31-8E65-4C4B-AB26-4799C3DEE93D}.Debug|Any CPU.ActiveCfg = Debug|Any CPU
		{B4A88B31-8E65-4C4B-AB26-4799C3DEE93D}.Debug|Any CPU.Build.0 = Debug|Any CPU
		{B4A88B31-8E65-4C4B-AB26-4799C3DEE93D}.Release|Any CPU.ActiveCfg = Release|Any CPU
		{B4A88B31-8E65-4C4B-AB26-4799C3DEE93D}.Release|Any CPU.Build.0 = Release|Any CPU
		{B81A6B71-EAE9-44E4-AF31-2F5C60CCF7E1}.Debug|Any CPU.ActiveCfg = Debug|Any CPU
		{B81A6B71-EAE9-44E4-AF31-2F5C60CCF7E1}.Debug|Any CPU.Build.0 = Debug|Any CPU
		{B81A6B71-EAE9-44E4-AF31-2F5C60CCF7E1}.Release|Any CPU.ActiveCfg = Release|Any CPU
		{B81A6B71-EAE9-44E4-AF31-2F5C60CCF7E1}.Release|Any CPU.Build.0 = Release|Any CPU
		{0A10AA53-BC31-4E3A-B051-FCAFB2CBFAC4}.Debug|Any CPU.ActiveCfg = Debug|Any CPU
		{0A10AA53-BC31-4E3A-B051-FCAFB2CBFAC4}.Debug|Any CPU.Build.0 = Debug|Any CPU
		{0A10AA53-BC31-4E3A-B051-FCAFB2CBFAC4}.Release|Any CPU.ActiveCfg = Release|Any CPU
		{0A10AA53-BC31-4E3A-B051-FCAFB2CBFAC4}.Release|Any CPU.Build.0 = Release|Any CPU
		{6EC3AC39-B771-488F-B7C1-B4970CF3913C}.Debug|Any CPU.ActiveCfg = Debug|Any CPU
		{6EC3AC39-B771-488F-B7C1-B4970CF3913C}.Debug|Any CPU.Build.0 = Debug|Any CPU
		{6EC3AC39-B771-488F-B7C1-B4970CF3913C}.Release|Any CPU.ActiveCfg = Release|Any CPU
		{6EC3AC39-B771-488F-B7C1-B4970CF3913C}.Release|Any CPU.Build.0 = Release|Any CPU
		{2874C2DD-6E34-4240-BF03-768933681AC7}.Debug|Any CPU.ActiveCfg = Debug|Any CPU
		{2874C2DD-6E34-4240-BF03-768933681AC7}.Debug|Any CPU.Build.0 = Debug|Any CPU
		{2874C2DD-6E34-4240-BF03-768933681AC7}.Release|Any CPU.ActiveCfg = Release|Any CPU
		{2874C2DD-6E34-4240-BF03-768933681AC7}.Release|Any CPU.Build.0 = Release|Any CPU
		{EA7E43D5-57B4-4644-A1C4-E40C8A62BB87}.Debug|Any CPU.ActiveCfg = Debug|Any CPU
		{EA7E43D5-57B4-4644-A1C4-E40C8A62BB87}.Debug|Any CPU.Build.0 = Debug|Any CPU
		{EA7E43D5-57B4-4644-A1C4-E40C8A62BB87}.Release|Any CPU.ActiveCfg = Release|Any CPU
		{EA7E43D5-57B4-4644-A1C4-E40C8A62BB87}.Release|Any CPU.Build.0 = Release|Any CPU
		{461BF2EC-B030-45BC-AED8-A8A9E802AD2B}.Debug|Any CPU.ActiveCfg = Debug|Any CPU
		{461BF2EC-B030-45BC-AED8-A8A9E802AD2B}.Debug|Any CPU.Build.0 = Debug|Any CPU
		{461BF2EC-B030-45BC-AED8-A8A9E802AD2B}.Release|Any CPU.ActiveCfg = Release|Any CPU
		{461BF2EC-B030-45BC-AED8-A8A9E802AD2B}.Release|Any CPU.Build.0 = Release|Any CPU
	EndGlobalSection
	GlobalSection(NestedProjects) = preSolution
		{B4A88B31-8E65-4C4B-AB26-4799C3DEE93D} = {95B32429-CB39-42D9-810A-3B19E1D3D4F2}
		{B81A6B71-EAE9-44E4-AF31-2F5C60CCF7E1} = {95B32429-CB39-42D9-810A-3B19E1D3D4F2}
		{0A10AA53-BC31-4E3A-B051-FCAFB2CBFAC4} = {95B32429-CB39-42D9-810A-3B19E1D3D4F2}
		{6EC3AC39-B771-488F-B7C1-B4970CF3913C} = {3DEB8DF6-62F2-4BD7-9092-E22A2801B702}
		{2874C2DD-6E34-4240-BF03-768933681AC7} = {3DEB8DF6-62F2-4BD7-9092-E22A2801B702}
		{EA7E43D5-57B4-4644-A1C4-E40C8A62BB87} = {3DEB8DF6-62F2-4BD7-9092-E22A2801B702}
		{461BF2EC-B030-45BC-AED8-A8A9E802AD2B} = {1BC25A2A-FFAD-4D74-99D2-80B5653FD3C0}
	EndGlobalSection
EndGlobal
